
Microsoft Visual Studio Solution File, Format Version 12.00
# Visual Studio Version 16
VisualStudioVersion = 16.0.31702.278
MinimumVisualStudioVersion = 10.0.40219.1
Project("{9A19103F-16F7-4668-BE54-9A1E7A4F7556}") = "GymBooking.Data", "Data\GymBooking.Data.csproj", "{02540477-CBAA-49AF-8CE7-04BCB9CB7E57}"
EndProject
Project("{9A19103F-16F7-4668-BE54-9A1E7A4F7556}") = "GymBooking.Core", "Core\GymBooking.Core.csproj", "{22BDE1A0-F657-4883-8673-B8C5B8501EEC}"
EndProject
Project("{9A19103F-16F7-4668-BE54-9A1E7A4F7556}") = "GymBooking.Front", "GymBooking.Front\GymBooking.Front.csproj", "{54D832D2-C28E-4599-9D4F-F5DC28B33985}"
EndProject
Global
	GlobalSection(SolutionConfigurationPlatforms) = preSolution
		Debug|Any CPU = Debug|Any CPU
		Release|Any CPU = Release|Any CPU
	EndGlobalSection
	GlobalSection(ProjectConfigurationPlatforms) = postSolution
		{02540477-CBAA-49AF-8CE7-04BCB9CB7E57}.Debug|Any CPU.ActiveCfg = Debug|Any CPU
		{02540477-CBAA-49AF-8CE7-04BCB9CB7E57}.Debug|Any CPU.Build.0 = Debug|Any CPU
		{02540477-CBAA-49AF-8CE7-04BCB9CB7E57}.Release|Any CPU.ActiveCfg = Release|Any CPU
		{02540477-CBAA-49AF-8CE7-04BCB9CB7E57}.Release|Any CPU.Build.0 = Release|Any CPU
		{22BDE1A0-F657-4883-8673-B8C5B8501EEC}.Debug|Any CPU.ActiveCfg = Debug|Any CPU
		{22BDE1A0-F657-4883-8673-B8C5B8501EEC}.Debug|Any CPU.Build.0 = Debug|Any CPU
		{22BDE1A0-F657-4883-8673-B8C5B8501EEC}.Release|Any CPU.ActiveCfg = Release|Any CPU
		{22BDE1A0-F657-4883-8673-B8C5B8501EEC}.Release|Any CPU.Build.0 = Release|Any CPU
		{54D832D2-C28E-4599-9D4F-F5DC28B33985}.Debug|Any CPU.ActiveCfg = Debug|Any CPU
		{54D832D2-C28E-4599-9D4F-F5DC28B33985}.Debug|Any CPU.Build.0 = Debug|Any CPU
		{54D832D2-C28E-4599-9D4F-F5DC28B33985}.Release|Any CPU.ActiveCfg = Release|Any CPU
		{54D832D2-C28E-4599-9D4F-F5DC28B33985}.Release|Any CPU.Build.0 = Release|Any CPU
	EndGlobalSection
	GlobalSection(SolutionProperties) = preSolution
		HideSolutionNode = FALSE
	EndGlobalSection
	GlobalSection(ExtensibilityGlobals) = postSolution
		SolutionGuid = {9F366320-9F34-4F6C-A523-B981A6FC31EB}
	EndGlobalSection
EndGlobal
